
Microsoft Visual Studio Solution File, Format Version 12.00
Project("{FAE04EC0-301F-11D3-BF4B-00C04F79EFBC}") = "TaskTeamBackend", "TaskTeamBackend\TaskTeamBackend.csproj", "{DDDF897A-6763-4B7F-A6B2-724B73F944C1}"
EndProject
Global
	GlobalSection(SolutionConfigurationPlatforms) = preSolution
		Debug|Any CPU = Debug|Any CPU
		Release|Any CPU = Release|Any CPU
	EndGlobalSection
	GlobalSection(ProjectConfigurationPlatforms) = postSolution
		{DDDF897A-6763-4B7F-A6B2-724B73F944C1}.Debug|Any CPU.ActiveCfg = Debug|Any CPU
		{DDDF897A-6763-4B7F-A6B2-724B73F944C1}.Debug|Any CPU.Build.0 = Debug|Any CPU
		{DDDF897A-6763-4B7F-A6B2-724B73F944C1}.Release|Any CPU.ActiveCfg = Release|Any CPU
		{DDDF897A-6763-4B7F-A6B2-724B73F944C1}.Release|Any CPU.Build.0 = Release|Any CPU
	EndGlobalSection
EndGlobal
